
Microsoft Visual Studio Solution File, Format Version 12.00
# Visual Studio Version 17
VisualStudioVersion = 17.7.34024.191
MinimumVisualStudioVersion = 10.0.40219.1
Project("{FAE04EC0-301F-11D3-BF4B-00C04F79EFBC}") = "September2023_01", "September2023_01\September2023_01.csproj", "{C24C42C9-CB43-4583-AAA5-6DA42F0ECFD5}"
EndProject
Global
	GlobalSection(SolutionConfigurationPlatforms) = preSolution
		Debug|Any CPU = Debug|Any CPU
		Release|Any CPU = Release|Any CPU
	EndGlobalSection
	GlobalSection(ProjectConfigurationPlatforms) = postSolution
		{C24C42C9-CB43-4583-AAA5-6DA42F0ECFD5}.Debug|Any CPU.ActiveCfg = Debug|Any CPU
		{C24C42C9-CB43-4583-AAA5-6DA42F0ECFD5}.Debug|Any CPU.Build.0 = Debug|Any CPU
		{C24C42C9-CB43-4583-AAA5-6DA42F0ECFD5}.Release|Any CPU.ActiveCfg = Release|Any CPU
		{C24C42C9-CB43-4583-AAA5-6DA42F0ECFD5}.Release|Any CPU.Build.0 = Release|Any CPU
	EndGlobalSection
	GlobalSection(SolutionProperties) = preSolution
		HideSolutionNode = FALSE
	EndGlobalSection
	GlobalSection(ExtensibilityGlobals) = postSolution
		SolutionGuid = {91546A87-B9E3-48C6-BAF4-14BE36193996}
	EndGlobalSection
EndGlobal
